
Microsoft Visual Studio Solution File, Format Version 12.00
Project("{FAE04EC0-301F-11D3-BF4B-00C04F79EFBC}") = "NoBunnyHop", "NoBunnyHop\NoBunnyHop.csproj", "{C1004D0D-4D2C-4199-AF2D-DAACCFAC6B86}"
EndProject
Global
	GlobalSection(SolutionConfigurationPlatforms) = preSolution
		Debug|Any CPU = Debug|Any CPU
		Release|Any CPU = Release|Any CPU
	EndGlobalSection
	GlobalSection(ProjectConfigurationPlatforms) = postSolution
		{C1004D0D-4D2C-4199-AF2D-DAACCFAC6B86}.Debug|Any CPU.ActiveCfg = Debug|Any CPU
		{C1004D0D-4D2C-4199-AF2D-DAACCFAC6B86}.Debug|Any CPU.Build.0 = Debug|Any CPU
		{C1004D0D-4D2C-4199-AF2D-DAACCFAC6B86}.Release|Any CPU.ActiveCfg = Release|Any CPU
		{C1004D0D-4D2C-4199-AF2D-DAACCFAC6B86}.Release|Any CPU.Build.0 = Release|Any CPU
	EndGlobalSection
EndGlobal
